// !$*UTF8*$!
{
	archiveVersion = 1;
	classes = {
	};
	objectVersion = 50;
	objects = {

/* Begin PBXBuildFile section */
		7A42670722485CCE009EEB1C /* MQTT.swift in Sources */ = {isa = PBXBuildFile; fileRef = 7A42670622485CCE009EEB1C /* MQTT.swift */; };
		7A4267092248795F009EEB1C /* MainViewController.swift in Sources */ = {isa = PBXBuildFile; fileRef = 7A4267082248795F009EEB1C /* MainViewController.swift */; };
		7A7B36A42256DA5E008E38B8 /* GraphDetailCardView.swift in Sources */ = {isa = PBXBuildFile; fileRef = 7A7B36A32256DA5D008E38B8 /* GraphDetailCardView.swift */; };
		7A8F5ABD2256BD4300FF115B /* DataDisplayView.swift in Sources */ = {isa = PBXBuildFile; fileRef = 7A42670D22488086009EEB1C /* DataDisplayView.swift */; };
		7A91F0F72235D1C100BB39BE /* AppDelegate.swift in Sources */ = {isa = PBXBuildFile; fileRef = 7A91F0F62235D1C100BB39BE /* AppDelegate.swift */; };
		7A91F0F92235D1C100BB39BE /* OldViewController.swift in Sources */ = {isa = PBXBuildFile; fileRef = 7A91F0F82235D1C100BB39BE /* OldViewController.swift */; };
		7A91F0FC2235D1C100BB39BE /* OldMain.storyboard in Resources */ = {isa = PBXBuildFile; fileRef = 7A91F0FA2235D1C100BB39BE /* OldMain.storyboard */; };
		7A91F0FE2235D1C200BB39BE /* Assets.xcassets in Resources */ = {isa = PBXBuildFile; fileRef = 7A91F0FD2235D1C200BB39BE /* Assets.xcassets */; };
		7A91F1012235D1C200BB39BE /* LaunchScreen.storyboard in Resources */ = {isa = PBXBuildFile; fileRef = 7A91F0FF2235D1C200BB39BE /* LaunchScreen.storyboard */; };
		8604675E9A9B57940E0D3300 /* Pods_Monitor.framework in Frameworks */ = {isa = PBXBuildFile; fileRef = 10CEAFE2B2308854F305E1E3 /* Pods_Monitor.framework */; };
/* End PBXBuildFile section */

/* Begin PBXFileReference section */
		10CEAFE2B2308854F305E1E3 /* Pods_Monitor.framework */ = {isa = PBXFileReference; explicitFileType = wrapper.framework; includeInIndex = 0; path = Pods_Monitor.framework; sourceTree = BUILT_PRODUCTS_DIR; };
		17EA9BC0C99522A6F41E4D51 /* Pods-Monitor.release.xcconfig */ = {isa = PBXFileReference; includeInIndex = 1; lastKnownFileType = text.xcconfig; name = "Pods-Monitor.release.xcconfig"; path = "Target Support Files/Pods-Monitor/Pods-Monitor.release.xcconfig"; sourceTree = "<group>"; };
		56C12C1D33CD0BFB596306C5 /* Pods-Monitor.debug.xcconfig */ = {isa = PBXFileReference; includeInIndex = 1; lastKnownFileType = text.xcconfig; name = "Pods-Monitor.debug.xcconfig"; path = "Target Support Files/Pods-Monitor/Pods-Monitor.debug.xcconfig"; sourceTree = "<group>"; };
		7A42670622485CCE009EEB1C /* MQTT.swift */ = {isa = PBXFileReference; lastKnownFileType = sourcecode.swift; path = MQTT.swift; sourceTree = "<group>"; };
		7A4267082248795F009EEB1C /* MainViewController.swift */ = {isa = PBXFileReference; fileEncoding = 4; lastKnownFileType = sourcecode.swift; path = MainViewController.swift; sourceTree = "<group>"; };
		7A42670D22488086009EEB1C /* DataDisplayView.swift */ = {isa = PBXFileReference; lastKnownFileType = sourcecode.swift; path = DataDisplayView.swift; sourceTree = "<group>"; };
		7A7B36A32256DA5D008E38B8 /* GraphDetailCardView.swift */ = {isa = PBXFileReference; fileEncoding = 4; lastKnownFileType = sourcecode.swift; path = GraphDetailCardView.swift; sourceTree = "<group>"; };
		7A91F0F32235D1C100BB39BE /* Monitor.app */ = {isa = PBXFileReference; explicitFileType = wrapper.application; includeInIndex = 0; path = Monitor.app; sourceTree = BUILT_PRODUCTS_DIR; };
		7A91F0F62235D1C100BB39BE /* AppDelegate.swift */ = {isa = PBXFileReference; lastKnownFileType = sourcecode.swift; path = AppDelegate.swift; sourceTree = "<group>"; };
		7A91F0F82235D1C100BB39BE /* OldViewController.swift */ = {isa = PBXFileReference; lastKnownFileType = sourcecode.swift; path = OldViewController.swift; sourceTree = "<group>"; };
		7A91F0FB2235D1C100BB39BE /* Base */ = {isa = PBXFileReference; lastKnownFileType = file.storyboard; name = Base; path = Base.lproj/OldMain.storyboard; sourceTree = "<group>"; };
		7A91F0FD2235D1C200BB39BE /* Assets.xcassets */ = {isa = PBXFileReference; lastKnownFileType = folder.assetcatalog; path = Assets.xcassets; sourceTree = "<group>"; };
		7A91F1002235D1C200BB39BE /* Base */ = {isa = PBXFileReference; lastKnownFileType = file.storyboard; name = Base; path = Base.lproj/LaunchScreen.storyboard; sourceTree = "<group>"; };
		7A91F1022235D1C200BB39BE /* Info.plist */ = {isa = PBXFileReference; lastKnownFileType = text.plist.xml; path = Info.plist; sourceTree = "<group>"; };
/* End PBXFileReference section */

/* Begin PBXFrameworksBuildPhase section */
		7A91F0F02235D1C100BB39BE /* Frameworks */ = {
			isa = PBXFrameworksBuildPhase;
			buildActionMask = 2147483647;
			files = (
				8604675E9A9B57940E0D3300 /* Pods_Monitor.framework in Frameworks */,
			);
			runOnlyForDeploymentPostprocessing = 0;
		};
/* End PBXFrameworksBuildPhase section */

/* Begin PBXGroup section */
		6C03792B3A6F8AB1CCD8E366 /* Frameworks */ = {
			isa = PBXGroup;
			children = (
				10CEAFE2B2308854F305E1E3 /* Pods_Monitor.framework */,
			);
			name = Frameworks;
			sourceTree = "<group>";
		};
		7A42670A22487968009EEB1C /* Old */ = {
			isa = PBXGroup;
			children = (
				7A91F0F82235D1C100BB39BE /* OldViewController.swift */,
				7A91F0FA2235D1C100BB39BE /* OldMain.storyboard */,
			);
			path = Old;
			sourceTree = "<group>";
		};
		7A91F0EA2235D1C100BB39BE = {
			isa = PBXGroup;
			children = (
				7A91F0F52235D1C100BB39BE /* Monitor */,
				7A91F0F42235D1C100BB39BE /* Products */,
				FF4FF888004BB33F3A3DEBD4 /* Pods */,
				6C03792B3A6F8AB1CCD8E366 /* Frameworks */,
			);
			sourceTree = "<group>";
		};
		7A91F0F42235D1C100BB39BE /* Products */ = {
			isa = PBXGroup;
			children = (
				7A91F0F32235D1C100BB39BE /* Monitor.app */,
			);
			name = Products;
			sourceTree = "<group>";
		};
		7A91F0F52235D1C100BB39BE /* Monitor */ = {
			isa = PBXGroup;
			children = (
				7A91F0F62235D1C100BB39BE /* AppDelegate.swift */,
				7A91F0FD2235D1C200BB39BE /* Assets.xcassets */,
				7A42670D22488086009EEB1C /* DataDisplayView.swift */,
				7A91F1022235D1C200BB39BE /* Info.plist */,
				7A91F0FF2235D1C200BB39BE /* LaunchScreen.storyboard */,
				7A7B36A32256DA5D008E38B8 /* GraphDetailCardView.swift */,
				7A4267082248795F009EEB1C /* MainViewController.swift */,
				7A42670622485CCE009EEB1C /* MQTT.swift */,
				7A42670A22487968009EEB1C /* Old */,
			);
			path = Monitor;
			sourceTree = "<group>";
		};
		FF4FF888004BB33F3A3DEBD4 /* Pods */ = {
			isa = PBXGroup;
			children = (
				56C12C1D33CD0BFB596306C5 /* Pods-Monitor.debug.xcconfig */,
				17EA9BC0C99522A6F41E4D51 /* Pods-Monitor.release.xcconfig */,
			);
			path = Pods;
			sourceTree = "<group>";
		};
/* End PBXGroup section */

/* Begin PBXNativeTarget section */
		7A91F0F22235D1C100BB39BE /* Monitor */ = {
			isa = PBXNativeTarget;
			buildConfigurationList = 7A91F1052235D1C200BB39BE /* Build configuration list for PBXNativeTarget "Monitor" */;
			buildPhases = (
				B3039F1D87DC52752BA3FE56 /* [CP] Check Pods Manifest.lock */,
				7A91F0EF2235D1C100BB39BE /* Sources */,
				7A91F0F02235D1C100BB39BE /* Frameworks */,
				7A91F0F12235D1C100BB39BE /* Resources */,
				AF50E0A517A55F7109E713E3 /* [CP] Embed Pods Frameworks */,
			);
			buildRules = (
			);
			dependencies = (
			);
			name = Monitor;
			productName = Monitor;
			productReference = 7A91F0F32235D1C100BB39BE /* Monitor.app */;
			productType = "com.apple.product-type.application";
		};
/* End PBXNativeTarget section */

/* Begin PBXProject section */
		7A91F0EB2235D1C100BB39BE /* Project object */ = {
			isa = PBXProject;
			attributes = {
				LastSwiftUpdateCheck = 1010;
				LastUpgradeCheck = 1010;
				ORGANIZATIONNAME = "Rafael Rosales";
				TargetAttributes = {
					7A91F0F22235D1C100BB39BE = {
						CreatedOnToolsVersion = 10.1;
						LastSwiftMigration = 1020;
					};
				};
			};
			buildConfigurationList = 7A91F0EE2235D1C100BB39BE /* Build configuration list for PBXProject "Monitor" */;
			compatibilityVersion = "Xcode 9.3";
			developmentRegion = en;
			hasScannedForEncodings = 0;
			knownRegions = (
				en,
				Base,
			);
			mainGroup = 7A91F0EA2235D1C100BB39BE;
			productRefGroup = 7A91F0F42235D1C100BB39BE /* Products */;
			projectDirPath = "";
			projectRoot = "";
			targets = (
				7A91F0F22235D1C100BB39BE /* Monitor */,
			);
		};
/* End PBXProject section */

/* Begin PBXResourcesBuildPhase section */
		7A91F0F12235D1C100BB39BE /* Resources */ = {
			isa = PBXResourcesBuildPhase;
			buildActionMask = 2147483647;
			files = (
				7A91F1012235D1C200BB39BE /* LaunchScreen.storyboard in Resources */,
				7A91F0FE2235D1C200BB39BE /* Assets.xcassets in Resources */,
				7A91F0FC2235D1C100BB39BE /* OldMain.storyboard in Resources */,
			);
			runOnlyForDeploymentPostprocessing = 0;
		};
/* End PBXResourcesBuildPhase section */

/* Begin PBXShellScriptBuildPhase section */
		AF50E0A517A55F7109E713E3 /* [CP] Embed Pods Frameworks */ = {
			isa = PBXShellScriptBuildPhase;
			buildActionMask = 2147483647;
			files = (
			);
			inputFileListPaths = (
			);
			inputPaths = (
				"${PODS_ROOT}/Target Support Files/Pods-Monitor/Pods-Monitor-frameworks.sh",
				"${BUILT_PRODUCTS_DIR}/CocoaAsyncSocket/CocoaAsyncSocket.framework",
				"${BUILT_PRODUCTS_DIR}/CocoaMQTT/CocoaMQTT.framework",
				"${BUILT_PRODUCTS_DIR}/GradientView/GradientView.framework",
				"${BUILT_PRODUCTS_DIR}/ILG/ILG.framework",
				"${BUILT_PRODUCTS_DIR}/TinyConstraints/TinyConstraints.framework",
			);
			name = "[CP] Embed Pods Frameworks";
			outputFileListPaths = (
			);
			outputPaths = (
				"${TARGET_BUILD_DIR}/${FRAMEWORKS_FOLDER_PATH}/CocoaAsyncSocket.framework",
				"${TARGET_BUILD_DIR}/${FRAMEWORKS_FOLDER_PATH}/CocoaMQTT.framework",
				"${TARGET_BUILD_DIR}/${FRAMEWORKS_FOLDER_PATH}/GradientView.framework",
				"${TARGET_BUILD_DIR}/${FRAMEWORKS_FOLDER_PATH}/ILG.framework",
				"${TARGET_BUILD_DIR}/${FRAMEWORKS_FOLDER_PATH}/TinyConstraints.framework",
			);
			runOnlyForDeploymentPostprocessing = 0;
			shellPath = /bin/sh;
			shellScript = "\"${PODS_ROOT}/Target Support Files/Pods-Monitor/Pods-Monitor-frameworks.sh\"\n";
			showEnvVarsInLog = 0;
		};
		B3039F1D87DC52752BA3FE56 /* [CP] Check Pods Manifest.lock */ = {
			isa = PBXShellScriptBuildPhase;
			buildActionMask = 2147483647;
			files = (
			);
			inputFileListPaths = (
			);
			inputPaths = (
				"${PODS_PODFILE_DIR_PATH}/Podfile.lock",
				"${PODS_ROOT}/Manifest.lock",
			);
			name = "[CP] Check Pods Manifest.lock";
			outputFileListPaths = (
			);
			outputPaths = (
				"$(DERIVED_FILE_DIR)/Pods-Monitor-checkManifestLockResult.txt",
			);
			runOnlyForDeploymentPostprocessing = 0;
			shellPath = /bin/sh;
			shellScript = "diff \"${PODS_PODFILE_DIR_PATH}/Podfile.lock\" \"${PODS_ROOT}/Manifest.lock\" > /dev/null\nif [ $? != 0 ] ; then\n    # print error to STDERR\n    echo \"error: The sandbox is not in sync with the Podfile.lock. Run 'pod install' or update your CocoaPods installation.\" >&2\n    exit 1\nfi\n# This output is used by Xcode 'outputs' to avoid re-running this script phase.\necho \"SUCCESS\" > \"${SCRIPT_OUTPUT_FILE_0}\"\n";
			showEnvVarsInLog = 0;
		};
/* End PBXShellScriptBuildPhase section */

/* Begin PBXSourcesBuildPhase section */
		7A91F0EF2235D1C100BB39BE /* Sources */ = {
			isa = PBXSourcesBuildPhase;
			buildActionMask = 2147483647;
			files = (
				7A91F0F92235D1C100BB39BE /* OldViewController.swift in Sources */,
				7A4267092248795F009EEB1C /* MainViewController.swift in Sources */,
				7A8F5ABD2256BD4300FF115B /* DataDisplayView.swift in Sources */,
				7A91F0F72235D1C100BB39BE /* AppDelegate.swift in Sources */,
				7A7B36A42256DA5E008E38B8 /* GraphDetailCardView.swift in Sources */,
				7A42670722485CCE009EEB1C /* MQTT.swift in Sources */,
			);
			runOnlyForDeploymentPostprocessing = 0;
		};
/* End PBXSourcesBuildPhase section */

/* Begin PBXVariantGroup section */
		7A91F0FA2235D1C100BB39BE /* OldMain.storyboard */ = {
			isa = PBXVariantGroup;
			children = (
				7A91F0FB2235D1C100BB39BE /* Base */,
			);
			name = OldMain.storyboard;
			sourceTree = "<group>";
		};
		7A91F0FF2235D1C200BB39BE /* LaunchScreen.storyboard */ = {
			isa = PBXVariantGroup;
			children = (
				7A91F1002235D1C200BB39BE /* Base */,
			);
			name = LaunchScreen.storyboard;
			sourceTree = "<group>";
		};
/* End PBXVariantGroup section */

/* Begin XCBuildConfiguration section */
		7A91F1032235D1C200BB39BE /* Debug */ = {
			isa = XCBuildConfiguration;
			buildSettings = {
				ALWAYS_SEARCH_USER_PATHS = NO;
				CLANG_ANALYZER_NONNULL = YES;
				CLANG_ANALYZER_NUMBER_OBJECT_CONVERSION = YES_AGGRESSIVE;
				CLANG_CXX_LANGUAGE_STANDARD = "gnu++14";
				CLANG_CXX_LIBRARY = "libc++";
				CLANG_ENABLE_MODULES = YES;
				CLANG_ENABLE_OBJC_ARC = YES;
				CLANG_ENABLE_OBJC_WEAK = YES;
				CLANG_WARN_BLOCK_CAPTURE_AUTORELEASING = YES;
				CLANG_WARN_BOOL_CONVERSION = YES;
				CLANG_WARN_COMMA = YES;
				CLANG_WARN_CONSTANT_CONVERSION = YES;
				CLANG_WARN_DEPRECATED_OBJC_IMPLEMENTATIONS = YES;
				CLANG_WARN_DIRECT_OBJC_ISA_USAGE = YES_ERROR;
				CLANG_WARN_DOCUMENTATION_COMMENTS = YES;
				CLANG_WARN_EMPTY_BODY = YES;
				CLANG_WARN_ENUM_CONVERSION = YES;
				CLANG_WARN_INFINITE_RECURSION = YES;
				CLANG_WARN_INT_CONVERSION = YES;
				CLANG_WARN_NON_LITERAL_NULL_CONVERSION = YES;
				CLANG_WARN_OBJC_IMPLICIT_RETAIN_SELF = YES;
				CLANG_WARN_OBJC_LITERAL_CONVERSION = YES;
				CLANG_WARN_OBJC_ROOT_CLASS = YES_ERROR;
				CLANG_WARN_RANGE_LOOP_ANALYSIS = YES;
				CLANG_WARN_STRICT_PROTOTYPES = YES;
				CLANG_WARN_SUSPICIOUS_MOVE = YES;
				CLANG_WARN_UNGUARDED_AVAILABILITY = YES_AGGRESSIVE;
				CLANG_WARN_UNREACHABLE_CODE = YES;
				CLANG_WARN__DUPLICATE_METHOD_MATCH = YES;
				CODE_SIGN_IDENTITY = "iPhone Developer";
				COPY_PHASE_STRIP = NO;
				DEBUG_INFORMATION_FORMAT = dwarf;
				ENABLE_STRICT_OBJC_MSGSEND = YES;
				ENABLE_TESTABILITY = YES;
				GCC_C_LANGUAGE_STANDARD = gnu11;
				GCC_DYNAMIC_NO_PIC = NO;
				GCC_NO_COMMON_BLOCKS = YES;
				GCC_OPTIMIZATION_LEVEL = 0;
				GCC_PREPROCESSOR_DEFINITIONS = (
					"DEBUG=1",
					"$(inherited)",
				);
				GCC_WARN_64_TO_32_BIT_CONVERSION = YES;
				GCC_WARN_ABOUT_RETURN_TYPE = YES_ERROR;
				GCC_WARN_UNDECLARED_SELECTOR = YES;
				GCC_WARN_UNINITIALIZED_AUTOS = YES_AGGRESSIVE;
				GCC_WARN_UNUSED_FUNCTION = YES;
				GCC_WARN_UNUSED_VARIABLE = YES;
				IPHONEOS_DEPLOYMENT_TARGET = 12.1;
				MTL_ENABLE_DEBUG_INFO = INCLUDE_SOURCE;
				MTL_FAST_MATH = YES;
				ONLY_ACTIVE_ARCH = YES;
				SDKROOT = iphoneos;
				SWIFT_ACTIVE_COMPILATION_CONDITIONS = DEBUG;
				SWIFT_OPTIMIZATION_LEVEL = "-Onone";
			};
			name = Debug;
		};
		7A91F1042235D1C200BB39BE /* Release */ = {
			isa = XCBuildConfiguration;
			buildSettings = {
				ALWAYS_SEARCH_USER_PATHS = NO;
				CLANG_ANALYZER_NONNULL = YES;
				CLANG_ANALYZER_NUMBER_OBJECT_CONVERSION = YES_AGGRESSIVE;
				CLANG_CXX_LANGUAGE_STANDARD = "gnu++14";
				CLANG_CXX_LIBRARY = "libc++";
				CLANG_ENABLE_MODULES = YES;
				CLANG_ENABLE_OBJC_ARC = YES;
				CLANG_ENABLE_OBJC_WEAK = YES;
				CLANG_WARN_BLOCK_CAPTURE_AUTORELEASING = YES;
				CLANG_WARN_BOOL_CONVERSION = YES;
				CLANG_WARN_COMMA = YES;
				CLANG_WARN_CONSTANT_CONVERSION = YES;
				CLANG_WARN_DEPRECATED_OBJC_IMPLEMENTATIONS = YES;
				CLANG_WARN_DIRECT_OBJC_ISA_USAGE = YES_ERROR;
				CLANG_WARN_DOCUMENTATION_COMMENTS = YES;
				CLANG_WARN_EMPTY_BODY = YES;
				CLANG_WARN_ENUM_CONVERSION = YES;
				CLANG_WARN_INFINITE_RECURSION = YES;
				CLANG_WARN_INT_CONVERSION = YES;
				CLANG_WARN_NON_LITERAL_NULL_CONVERSION = YES;
				CLANG_WARN_OBJC_IMPLICIT_RETAIN_SELF = YES;
				CLANG_WARN_OBJC_LITERAL_CONVERSION = YES;
				CLANG_WARN_OBJC_ROOT_CLASS = YES_ERROR;
				CLANG_WARN_RANGE_LOOP_ANALYSIS = YES;
				CLANG_WARN_STRICT_PROTOTYPES = YES;
				CLANG_WARN_SUSPICIOUS_MOVE = YES;
				CLANG_WARN_UNGUARDED_AVAILABILITY = YES_AGGRESSIVE;
				CLANG_WARN_UNREACHABLE_CODE = YES;
				CLANG_WARN__DUPLICATE_METHOD_MATCH = YES;
				CODE_SIGN_IDENTITY = "iPhone Developer";
				COPY_PHASE_STRIP = NO;
				DEBUG_INFORMATION_FORMAT = "dwarf-with-dsym";
				ENABLE_NS_ASSERTIONS = NO;
				ENABLE_STRICT_OBJC_MSGSEND = YES;
				GCC_C_LANGUAGE_STANDARD = gnu11;
				GCC_NO_COMMON_BLOCKS = YES;
				GCC_WARN_64_TO_32_BIT_CONVERSION = YES;
				GCC_WARN_ABOUT_RETURN_TYPE = YES_ERROR;
				GCC_WARN_UNDECLARED_SELECTOR = YES;
				GCC_WARN_UNINITIALIZED_AUTOS = YES_AGGRESSIVE;
				GCC_WARN_UNUSED_FUNCTION = YES;
				GCC_WARN_UNUSED_VARIABLE = YES;
				IPHONEOS_DEPLOYMENT_TARGET = 12.1;
				MTL_ENABLE_DEBUG_INFO = NO;
				MTL_FAST_MATH = YES;
				SDKROOT = iphoneos;
				SWIFT_COMPILATION_MODE = wholemodule;
				SWIFT_OPTIMIZATION_LEVEL = "-O";
				VALIDATE_PRODUCT = YES;
			};
			name = Release;
		};
		7A91F1062235D1C200BB39BE /* Debug */ = {
			isa = XCBuildConfiguration;
			baseConfigurationReference = 56C12C1D33CD0BFB596306C5 /* Pods-Monitor.debug.xcconfig */;
			buildSettings = {
				ASSETCATALOG_COMPILER_APPICON_NAME = AppIcon;
				CODE_SIGN_STYLE = Automatic;
				DEVELOPMENT_TEAM = FYXYSG5YWN;
				INFOPLIST_FILE = Monitor/Info.plist;
				LD_RUNPATH_SEARCH_PATHS = (
					"$(inherited)",
					"@executable_path/Frameworks",
				);
				PRODUCT_BUNDLE_IDENTIFIER = org.rafaelrosales.Monitor;
				PRODUCT_NAME = "$(TARGET_NAME)";
				SWIFT_VERSION = 5.0;
				TARGETED_DEVICE_FAMILY = "1,2";
			};
			name = Debug;
		};
		7A91F1072235D1C200BB39BE /* Release */ = {
			isa = XCBuildConfiguration;
			baseConfigurationReference = 17EA9BC0C99522A6F41E4D51 /* Pods-Monitor.release.xcconfig */;
			buildSettings = {
				ASSETCATALOG_COMPILER_APPICON_NAME = AppIcon;
				CODE_SIGN_STYLE = Automatic;
				DEVELOPMENT_TEAM = FYXYSG5YWN;
				INFOPLIST_FILE = Monitor/Info.plist;
				LD_RUNPATH_SEARCH_PATHS = (
					"$(inherited)",
					"@executable_path/Frameworks",
				);
				PRODUCT_BUNDLE_IDENTIFIER = org.rafaelrosales.Monitor;
				PRODUCT_NAME = "$(TARGET_NAME)";
				SWIFT_VERSION = 5.0;
				TARGETED_DEVICE_FAMILY = "1,2";
			};
			name = Release;
		};
/* End XCBuildConfiguration section */

/* Begin XCConfigurationList section */
		7A91F0EE2235D1C100BB39BE /* Build configuration list for PBXProject "Monitor" */ = {
			isa = XCConfigurationList;
			buildConfigurations = (
				7A91F1032235D1C200BB39BE /* Debug */,
				7A91F1042235D1C200BB39BE /* Release */,
			);
			defaultConfigurationIsVisible = 0;
			defaultConfigurationName = Release;
		};
		7A91F1052235D1C200BB39BE /* Build configuration list for PBXNativeTarget "Monitor" */ = {
			isa = XCConfigurationList;
			buildConfigurations = (
				7A91F1062235D1C200BB39BE /* Debug */,
				7A91F1072235D1C200BB39BE /* Release */,
			);
			defaultConfigurationIsVisible = 0;
			defaultConfigurationName = Release;
		};
/* End XCConfigurationList section */
	};
	rootObject = 7A91F0EB2235D1C100BB39BE /* Project object */;
}
